
Microsoft Visual Studio Solution File, Format Version 12.00
# Visual Studio 15
VisualStudioVersion = 15.0.27703.2047
MinimumVisualStudioVersion = 10.0.40219.1
Project("{FAE04EC0-301F-11D3-BF4B-00C04F79EFBC}") = "SkoroMario", "SkoroMario\SkoroMario.csproj", "{10BB9E20-3467-4AD0-B5AC-3017E56F0CEE}"
EndProject
Global
	GlobalSection(SolutionConfigurationPlatforms) = preSolution
		Debug|Any CPU = Debug|Any CPU
		Release|Any CPU = Release|Any CPU
	EndGlobalSection
	GlobalSection(ProjectConfigurationPlatforms) = postSolution
		{10BB9E20-3467-4AD0-B5AC-3017E56F0CEE}.Debug|Any CPU.ActiveCfg = Debug|Any CPU
		{10BB9E20-3467-4AD0-B5AC-3017E56F0CEE}.Debug|Any CPU.Build.0 = Debug|Any CPU
		{10BB9E20-3467-4AD0-B5AC-3017E56F0CEE}.Release|Any CPU.ActiveCfg = Release|Any CPU
		{10BB9E20-3467-4AD0-B5AC-3017E56F0CEE}.Release|Any CPU.Build.0 = Release|Any CPU
	EndGlobalSection
	GlobalSection(SolutionProperties) = preSolution
		HideSolutionNode = FALSE
	EndGlobalSection
	GlobalSection(ExtensibilityGlobals) = postSolution
		SolutionGuid = {F6D8BA87-4FEC-4771-B5D5-0492B60AE3A9}
	EndGlobalSection
EndGlobal
